
Microsoft Visual Studio Solution File, Format Version 12.00
# Visual Studio Version 17
VisualStudioVersion = 17.12.35707.178 d17.12
MinimumVisualStudioVersion = 10.0.40219.1
Project("{FAE04EC0-301F-11D3-BF4B-00C04F79EFBC}") = "RankingEntityes", "RankingEntityes.csproj", "{9AF8377D-73A6-48FE-81E7-C81F8E2F58CF}"
EndProject
Global
	GlobalSection(SolutionConfigurationPlatforms) = preSolution
		Debug|Any CPU = Debug|Any CPU
		Release|Any CPU = Release|Any CPU
	EndGlobalSection
	GlobalSection(ProjectConfigurationPlatforms) = postSolution
		{9AF8377D-73A6-48FE-81E7-C81F8E2F58CF}.Debug|Any CPU.ActiveCfg = Debug|Any CPU
		{9AF8377D-73A6-48FE-81E7-C81F8E2F58CF}.Debug|Any CPU.Build.0 = Debug|Any CPU
		{9AF8377D-73A6-48FE-81E7-C81F8E2F58CF}.Release|Any CPU.ActiveCfg = Release|Any CPU
		{9AF8377D-73A6-48FE-81E7-C81F8E2F58CF}.Release|Any CPU.Build.0 = Release|Any CPU
	EndGlobalSection
	GlobalSection(SolutionProperties) = preSolution
		HideSolutionNode = FALSE
	EndGlobalSection
EndGlobal
